
Microsoft Visual Studio Solution File, Format Version 12.00
# Visual Studio Version 17
VisualStudioVersion = 17.10.35027.167
MinimumVisualStudioVersion = 10.0.40219.1
Project("{9A19103F-16F7-4668-BE54-9A1E7A4F7556}") = "SistemaDeFilas", "SistemaDeFilas.csproj", "{A93B67A4-693A-407E-B127-CDE9A280AE36}"
EndProject
Global
	GlobalSection(SolutionConfigurationPlatforms) = preSolution
		Debug|Any CPU = Debug|Any CPU
		Release|Any CPU = Release|Any CPU
	EndGlobalSection
	GlobalSection(ProjectConfigurationPlatforms) = postSolution
		{A93B67A4-693A-407E-B127-CDE9A280AE36}.Debug|Any CPU.ActiveCfg = Debug|Any CPU
		{A93B67A4-693A-407E-B127-CDE9A280AE36}.Debug|Any CPU.Build.0 = Debug|Any CPU
		{A93B67A4-693A-407E-B127-CDE9A280AE36}.Release|Any CPU.ActiveCfg = Release|Any CPU
		{A93B67A4-693A-407E-B127-CDE9A280AE36}.Release|Any CPU.Build.0 = Release|Any CPU
	EndGlobalSection
	GlobalSection(SolutionProperties) = preSolution
		HideSolutionNode = FALSE
	EndGlobalSection
	GlobalSection(ExtensibilityGlobals) = postSolution
		SolutionGuid = {3FF8763B-A3EB-42AD-97DD-3913CCBF1886}
	EndGlobalSection
EndGlobal
